
Microsoft Visual Studio Solution File, Format Version 12.00
# Visual Studio Version 17
VisualStudioVersion = 17.14.37012.4 d17.14
MinimumVisualStudioVersion = 10.0.40219.1
Project("{2150E333-8FDC-42A3-9474-1A3956D46DE8}") = "src", "src", "{02EA681E-C7D8-13C7-8484-4AC65E1B71E8}"
EndProject
Project("{FAE04EC0-301F-11D3-BF4B-00C04F79EFBC}") = "TaskManagementApi.API", "TaskManagementApi.API\TaskManagementApi.API.csproj", "{8FF60DEB-8A1C-425A-9159-B6D40EABA02E}"
EndProject
Project("{FAE04EC0-301F-11D3-BF4B-00C04F79EFBC}") = "TaskManagementApi.Application", "TaskManagementApi.Application\TaskManagementApi.Application.csproj", "{69C4B05F-344D-4328-9803-3EA68983067F}"
EndProject
Project("{FAE04EC0-301F-11D3-BF4B-00C04F79EFBC}") = "TaskManagementApi.Domain", "TaskManagementApi.Domain\TaskManagementApi.Domain.csproj", "{A0261B8E-BD88-4279-9373-4C9A28CD8E71}"
EndProject
Project("{FAE04EC0-301F-11D3-BF4B-00C04F79EFBC}") = "TaskManagementApi.Infrastructure", "TaskManagementApi.Infrastructure\TaskManagementApi.Infrastructure.csproj", "{2BF7D32D-7B5E-4ED6-A812-E1EE4A0EBF51}"
EndProject
Project("{2150E333-8FDC-42A3-9474-1A3956D46DE8}") = "tests", "tests", "{0CDBBEB5-E5AE-4012-A847-3F55FF28C469}"
EndProject
Project("{FAE04EC0-301F-11D3-BF4B-00C04F79EFBC}") = "TaskManagementApi.Tests", "TaskManagementApi.Tests\TaskManagementApi.Tests.csproj", "{24B6CE36-2F51-4E8C-A6AE-8C08205EE61F}"
EndProject
Global
	GlobalSection(SolutionConfigurationPlatforms) = preSolution
		Debug|Any CPU = Debug|Any CPU
		Release|Any CPU = Release|Any CPU
	EndGlobalSection
	GlobalSection(ProjectConfigurationPlatforms) = postSolution
		{8FF60DEB-8A1C-425A-9159-B6D40EABA02E}.Debug|Any CPU.ActiveCfg = Debug|Any CPU
		{8FF60DEB-8A1C-425A-9159-B6D40EABA02E}.Debug|Any CPU.Build.0 = Debug|Any CPU
		{8FF60DEB-8A1C-425A-9159-B6D40EABA02E}.Release|Any CPU.ActiveCfg = Release|Any CPU
		{8FF60DEB-8A1C-425A-9159-B6D40EABA02E}.Release|Any CPU.Build.0 = Release|Any CPU
		{69C4B05F-344D-4328-9803-3EA68983067F}.Debug|Any CPU.ActiveCfg = Debug|Any CPU
		{69C4B05F-344D-4328-9803-3EA68983067F}.Debug|Any CPU.Build.0 = Debug|Any CPU
		{69C4B05F-344D-4328-9803-3EA68983067F}.Release|Any CPU.ActiveCfg = Release|Any CPU
		{69C4B05F-344D-4328-9803-3EA68983067F}.Release|Any CPU.Build.0 = Release|Any CPU
		{A0261B8E-BD88-4279-9373-4C9A28CD8E71}.Debug|Any CPU.ActiveCfg = Debug|Any CPU
		{A0261B8E-BD88-4279-9373-4C9A28CD8E71}.Debug|Any CPU.Build.0 = Debug|Any CPU
		{A0261B8E-BD88-4279-9373-4C9A28CD8E71}.Release|Any CPU.ActiveCfg = Release|Any CPU
		{A0261B8E-BD88-4279-9373-4C9A28CD8E71}.Release|Any CPU.Build.0 = Release|Any CPU
		{2BF7D32D-7B5E-4ED6-A812-E1EE4A0EBF51}.Debug|Any CPU.ActiveCfg = Debug|Any CPU
		{2BF7D32D-7B5E-4ED6-A812-E1EE4A0EBF51}.Debug|Any CPU.Build.0 = Debug|Any CPU
		{2BF7D32D-7B5E-4ED6-A812-E1EE4A0EBF51}.Release|Any CPU.ActiveCfg = Release|Any CPU
		{2BF7D32D-7B5E-4ED6-A812-E1EE4A0EBF51}.Release|Any CPU.Build.0 = Release|Any CPU
		{24B6CE36-2F51-4E8C-A6AE-8C08205EE61F}.Debug|Any CPU.ActiveCfg = Debug|Any CPU
		{24B6CE36-2F51-4E8C-A6AE-8C08205EE61F}.Debug|Any CPU.Build.0 = Debug|Any CPU
		{24B6CE36-2F51-4E8C-A6AE-8C08205EE61F}.Release|Any CPU.ActiveCfg = Release|Any CPU
		{24B6CE36-2F51-4E8C-A6AE-8C08205EE61F}.Release|Any CPU.Build.0 = Release|Any CPU
	EndGlobalSection
	GlobalSection(SolutionProperties) = preSolution
		HideSolutionNode = FALSE
	EndGlobalSection
	GlobalSection(NestedProjects) = preSolution
		{8FF60DEB-8A1C-425A-9159-B6D40EABA02E} = {02EA681E-C7D8-13C7-8484-4AC65E1B71E8}
		{69C4B05F-344D-4328-9803-3EA68983067F} = {02EA681E-C7D8-13C7-8484-4AC65E1B71E8}
		{A0261B8E-BD88-4279-9373-4C9A28CD8E71} = {02EA681E-C7D8-13C7-8484-4AC65E1B71E8}
		{2BF7D32D-7B5E-4ED6-A812-E1EE4A0EBF51} = {02EA681E-C7D8-13C7-8484-4AC65E1B71E8}
		{24B6CE36-2F51-4E8C-A6AE-8C08205EE61F} = {0CDBBEB5-E5AE-4012-A847-3F55FF28C469}
	EndGlobalSection
	GlobalSection(ExtensibilityGlobals) = postSolution
		SolutionGuid = {C31C8D26-87C7-4683-9BE8-572C8DE4BF47}
	EndGlobalSection
EndGlobal
